
Microsoft Visual Studio Solution File, Format Version 12.00
# Visual Studio 2015
Project("{FAE04EC0-301F-11D3-BF4B-00C04F79EFBC}") = "OpenWasteland.CSharp", "OpenWasteland.CSharp.csproj", "{B6E23B7E-4900-BC44-485A-6248C8609346}"
EndProject
Global
	GlobalSection(SolutionConfigurationPlatforms) = preSolution
		Debug|Any CPU = Debug|Any CPU
		Release|Any CPU = Release|Any CPU
	EndGlobalSection
	GlobalSection(ProjectConfigurationPlatforms) = postSolution
		{B6E23B7E-4900-BC44-485A-6248C8609346}.Debug|Any CPU.ActiveCfg = Debug|Any CPU
		{B6E23B7E-4900-BC44-485A-6248C8609346}.Debug|Any CPU.Build.0 = Debug|Any CPU
		{B6E23B7E-4900-BC44-485A-6248C8609346}.Release|Any CPU.ActiveCfg = Release|Any CPU
		{B6E23B7E-4900-BC44-485A-6248C8609346}.Release|Any CPU.Build.0 = Release|Any CPU
	EndGlobalSection
	GlobalSection(SolutionProperties) = preSolution
		HideSolutionNode = FALSE
	EndGlobalSection
EndGlobal
